
Microsoft Visual Studio Solution File, Format Version 12.00
Project("{FAE04EC0-301F-11D3-BF4B-00C04F79EFBC}") = "PANDA.Api", "PANDA.Api\PANDA.Api.csproj", "{DFBE2993-4B36-4185-BC7A-41772A0467C5}"
EndProject
Project("{2150E333-8FDC-42A3-9474-1A3956D46DE8}") = "Solution Items", "Solution Items", "{41A432BC-7CC7-48F4-B36A-5A8847E16423}"
	ProjectSection(SolutionItems) = preProject
		compose.yaml = compose.yaml
		README.md = README.md
	EndProjectSection
EndProject
Project("{2150E333-8FDC-42A3-9474-1A3956D46DE8}") = "Layers", "Layers", "{C5D6EA77-156C-4363-B25F-61A7FEE851B5}"
EndProject
Project("{FAE04EC0-301F-11D3-BF4B-00C04F79EFBC}") = "PANDA.Services", "PANDA.Services\PANDA.Services.csproj", "{8E002025-1317-4533-805A-E6EF73A8BAF9}"
EndProject
Project("{FAE04EC0-301F-11D3-BF4B-00C04F79EFBC}") = "PANDA.Infrastructure", "PANDA.Infrastructure\PANDA.Infrastructure.csproj", "{64D799B4-51D5-4434-B9FC-B84CA27E7322}"
EndProject
Project("{FAE04EC0-301F-11D3-BF4B-00C04F79EFBC}") = "PANDA.Common", "PANDA.Common\PANDA.Common.csproj", "{9FA30186-0119-408B-ACF6-59BC169C97D3}"
EndProject
Project("{2150E333-8FDC-42A3-9474-1A3956D46DE8}") = "Tests", "Tests", "{348B0A3F-956D-4BB2-99BE-17ABE788FAB8}"
EndProject
Project("{FAE04EC0-301F-11D3-BF4B-00C04F79EFBC}") = "PANDA.UnitTests", "PANDA.UnitTests\PANDA.UnitTests.csproj", "{3BAD7BE4-3D45-434C-8EAC-A2E20CB88CF9}"
EndProject
Global
	GlobalSection(SolutionConfigurationPlatforms) = preSolution
		Debug|Any CPU = Debug|Any CPU
		Release|Any CPU = Release|Any CPU
	EndGlobalSection
	GlobalSection(ProjectConfigurationPlatforms) = postSolution
		{DFBE2993-4B36-4185-BC7A-41772A0467C5}.Debug|Any CPU.ActiveCfg = Debug|Any CPU
		{DFBE2993-4B36-4185-BC7A-41772A0467C5}.Debug|Any CPU.Build.0 = Debug|Any CPU
		{DFBE2993-4B36-4185-BC7A-41772A0467C5}.Release|Any CPU.ActiveCfg = Release|Any CPU
		{DFBE2993-4B36-4185-BC7A-41772A0467C5}.Release|Any CPU.Build.0 = Release|Any CPU
		{8E002025-1317-4533-805A-E6EF73A8BAF9}.Debug|Any CPU.ActiveCfg = Debug|Any CPU
		{8E002025-1317-4533-805A-E6EF73A8BAF9}.Debug|Any CPU.Build.0 = Debug|Any CPU
		{8E002025-1317-4533-805A-E6EF73A8BAF9}.Release|Any CPU.ActiveCfg = Release|Any CPU
		{8E002025-1317-4533-805A-E6EF73A8BAF9}.Release|Any CPU.Build.0 = Release|Any CPU
		{64D799B4-51D5-4434-B9FC-B84CA27E7322}.Debug|Any CPU.ActiveCfg = Debug|Any CPU
		{64D799B4-51D5-4434-B9FC-B84CA27E7322}.Debug|Any CPU.Build.0 = Debug|Any CPU
		{64D799B4-51D5-4434-B9FC-B84CA27E7322}.Release|Any CPU.ActiveCfg = Release|Any CPU
		{64D799B4-51D5-4434-B9FC-B84CA27E7322}.Release|Any CPU.Build.0 = Release|Any CPU
		{9FA30186-0119-408B-ACF6-59BC169C97D3}.Debug|Any CPU.ActiveCfg = Debug|Any CPU
		{9FA30186-0119-408B-ACF6-59BC169C97D3}.Debug|Any CPU.Build.0 = Debug|Any CPU
		{9FA30186-0119-408B-ACF6-59BC169C97D3}.Release|Any CPU.ActiveCfg = Release|Any CPU
		{9FA30186-0119-408B-ACF6-59BC169C97D3}.Release|Any CPU.Build.0 = Release|Any CPU
		{3BAD7BE4-3D45-434C-8EAC-A2E20CB88CF9}.Debug|Any CPU.ActiveCfg = Debug|Any CPU
		{3BAD7BE4-3D45-434C-8EAC-A2E20CB88CF9}.Debug|Any CPU.Build.0 = Debug|Any CPU
		{3BAD7BE4-3D45-434C-8EAC-A2E20CB88CF9}.Release|Any CPU.ActiveCfg = Release|Any CPU
		{3BAD7BE4-3D45-434C-8EAC-A2E20CB88CF9}.Release|Any CPU.Build.0 = Release|Any CPU
	EndGlobalSection
	GlobalSection(NestedProjects) = preSolution
		{8E002025-1317-4533-805A-E6EF73A8BAF9} = {C5D6EA77-156C-4363-B25F-61A7FEE851B5}
		{64D799B4-51D5-4434-B9FC-B84CA27E7322} = {C5D6EA77-156C-4363-B25F-61A7FEE851B5}
		{9FA30186-0119-408B-ACF6-59BC169C97D3} = {C5D6EA77-156C-4363-B25F-61A7FEE851B5}
		{3BAD7BE4-3D45-434C-8EAC-A2E20CB88CF9} = {348B0A3F-956D-4BB2-99BE-17ABE788FAB8}
	EndGlobalSection
EndGlobal
